
Microsoft Visual Studio Solution File, Format Version 12.00
# Visual Studio Version 17
VisualStudioVersion = 17.14.36930.0 d17.14
MinimumVisualStudioVersion = 10.0.40219.1
Project("{FAE04EC0-301F-11D3-BF4B-00C04F79EFBC}") = "GestorTareasGUI1", "GestorTareasGUI1\GestorTareasGUI1.csproj", "{5E0C9B9D-9144-4877-8EAE-279570DA4310}"
EndProject
Global
	GlobalSection(SolutionConfigurationPlatforms) = preSolution
		Debug|Any CPU = Debug|Any CPU
		Release|Any CPU = Release|Any CPU
	EndGlobalSection
	GlobalSection(ProjectConfigurationPlatforms) = postSolution
		{5E0C9B9D-9144-4877-8EAE-279570DA4310}.Debug|Any CPU.ActiveCfg = Debug|Any CPU
		{5E0C9B9D-9144-4877-8EAE-279570DA4310}.Debug|Any CPU.Build.0 = Debug|Any CPU
		{5E0C9B9D-9144-4877-8EAE-279570DA4310}.Release|Any CPU.ActiveCfg = Release|Any CPU
		{5E0C9B9D-9144-4877-8EAE-279570DA4310}.Release|Any CPU.Build.0 = Release|Any CPU
	EndGlobalSection
	GlobalSection(SolutionProperties) = preSolution
		HideSolutionNode = FALSE
	EndGlobalSection
	GlobalSection(ExtensibilityGlobals) = postSolution
		SolutionGuid = {C9BBEB71-EB80-4BC4-8B84-9136B7D83726}
	EndGlobalSection
EndGlobal
